
Microsoft Visual Studio Solution File, Format Version 12.00
# Visual Studio Version 17
VisualStudioVersion = 17.8.34330.188
MinimumVisualStudioVersion = 10.0.40219.1
Project("{FAE04EC0-301F-11D3-BF4B-00C04F79EFBC}") = "TheDynamicTrio-Core", "TheDynamicTrio-Core.csproj", "{67E29E47-5581-4780-B32E-B2C624B03C5C}"
EndProject
Global
	GlobalSection(SolutionConfigurationPlatforms) = preSolution
		Debug|Any CPU = Debug|Any CPU
		Release|Any CPU = Release|Any CPU
	EndGlobalSection
	GlobalSection(ProjectConfigurationPlatforms) = postSolution
		{67E29E47-5581-4780-B32E-B2C624B03C5C}.Debug|Any CPU.ActiveCfg = Debug|Any CPU
		{67E29E47-5581-4780-B32E-B2C624B03C5C}.Debug|Any CPU.Build.0 = Debug|Any CPU
		{67E29E47-5581-4780-B32E-B2C624B03C5C}.Release|Any CPU.ActiveCfg = Release|Any CPU
		{67E29E47-5581-4780-B32E-B2C624B03C5C}.Release|Any CPU.Build.0 = Release|Any CPU
	EndGlobalSection
	GlobalSection(SolutionProperties) = preSolution
		HideSolutionNode = FALSE
	EndGlobalSection
	GlobalSection(ExtensibilityGlobals) = postSolution
		SolutionGuid = {BBF701CE-A262-472B-B26B-F738C615BAE9}
	EndGlobalSection
EndGlobal
